// !$*UTF8*$!
{
	archiveVersion = 1;
	classes = {
	};
	objectVersion = 46;
	objects = {

/* Begin PBXBuildFile section */
		016E40B91F14ABB100B5FD03 /* AppDelegate.swift in Sources */ = {isa = PBXBuildFile; fileRef = 016E40B81F14ABB100B5FD03 /* AppDelegate.swift */; };
		016E40BB1F14ABB100B5FD03 /* ViewController.swift in Sources */ = {isa = PBXBuildFile; fileRef = 016E40BA1F14ABB100B5FD03 /* ViewController.swift */; };
		016E40BE1F14ABB100B5FD03 /* Main.storyboard in Resources */ = {isa = PBXBuildFile; fileRef = 016E40BC1F14ABB100B5FD03 /* Main.storyboard */; };
		016E40C01F14ABB100B5FD03 /* Assets.xcassets in Resources */ = {isa = PBXBuildFile; fileRef = 016E40BF1F14ABB100B5FD03 /* Assets.xcassets */; };
		016E40C31F14ABB100B5FD03 /* LaunchScreen.storyboard in Resources */ = {isa = PBXBuildFile; fileRef = 016E40C11F14ABB100B5FD03 /* LaunchScreen.storyboard */; };
		016E40CE1F14ABB100B5FD03 /* TouchTrackerTests.swift in Sources */ = {isa = PBXBuildFile; fileRef = 016E40CD1F14ABB100B5FD03 /* TouchTrackerTests.swift */; };
		016E40D91F14ABB100B5FD03 /* TouchTrackerUITests.swift in Sources */ = {isa = PBXBuildFile; fileRef = 016E40D81F14ABB100B5FD03 /* TouchTrackerUITests.swift */; };
		016E40E71F14AC4A00B5FD03 /* Line.swift in Sources */ = {isa = PBXBuildFile; fileRef = 016E40E61F14AC4A00B5FD03 /* Line.swift */; };
		016E40E91F14AC9900B5FD03 /* DrawView.swift in Sources */ = {isa = PBXBuildFile; fileRef = 016E40E81F14AC9900B5FD03 /* DrawView.swift */; };
/* End PBXBuildFile section */

/* Begin PBXContainerItemProxy section */
		016E40CA1F14ABB100B5FD03 /* PBXContainerItemProxy */ = {
			isa = PBXContainerItemProxy;
			containerPortal = 016E40AD1F14ABB100B5FD03 /* Project object */;
			proxyType = 1;
			remoteGlobalIDString = 016E40B41F14ABB100B5FD03;
			remoteInfo = TouchTracker;
		};
		016E40D51F14ABB100B5FD03 /* PBXContainerItemProxy */ = {
			isa = PBXContainerItemProxy;
			containerPortal = 016E40AD1F14ABB100B5FD03 /* Project object */;
			proxyType = 1;
			remoteGlobalIDString = 016E40B41F14ABB100B5FD03;
			remoteInfo = TouchTracker;
		};
/* End PBXContainerItemProxy section */

/* Begin PBXFileReference section */
		016E40B51F14ABB100B5FD03 /* TouchTracker.app */ = {isa = PBXFileReference; explicitFileType = wrapper.application; includeInIndex = 0; path = TouchTracker.app; sourceTree = BUILT_PRODUCTS_DIR; };
		016E40B81F14ABB100B5FD03 /* AppDelegate.swift */ = {isa = PBXFileReference; lastKnownFileType = sourcecode.swift; path = AppDelegate.swift; sourceTree = "<group>"; };
		016E40BA1F14ABB100B5FD03 /* ViewController.swift */ = {isa = PBXFileReference; lastKnownFileType = sourcecode.swift; path = ViewController.swift; sourceTree = "<group>"; };
		016E40BD1F14ABB100B5FD03 /* Base */ = {isa = PBXFileReference; lastKnownFileType = file.storyboard; name = Base; path = Base.lproj/Main.storyboard; sourceTree = "<group>"; };
		016E40BF1F14ABB100B5FD03 /* Assets.xcassets */ = {isa = PBXFileReference; lastKnownFileType = folder.assetcatalog; path = Assets.xcassets; sourceTree = "<group>"; };
		016E40C21F14ABB100B5FD03 /* Base */ = {isa = PBXFileReference; lastKnownFileType = file.storyboard; name = Base; path = Base.lproj/LaunchScreen.storyboard; sourceTree = "<group>"; };
		016E40C41F14ABB100B5FD03 /* Info.plist */ = {isa = PBXFileReference; lastKnownFileType = text.plist.xml; path = Info.plist; sourceTree = "<group>"; };
		016E40C91F14ABB100B5FD03 /* TouchTrackerTests.xctest */ = {isa = PBXFileReference; explicitFileType = wrapper.cfbundle; includeInIndex = 0; path = TouchTrackerTests.xctest; sourceTree = BUILT_PRODUCTS_DIR; };
		016E40CD1F14ABB100B5FD03 /* TouchTrackerTests.swift */ = {isa = PBXFileReference; lastKnownFileType = sourcecode.swift; path = TouchTrackerTests.swift; sourceTree = "<group>"; };
		016E40CF1F14ABB100B5FD03 /* Info.plist */ = {isa = PBXFileReference; lastKnownFileType = text.plist.xml; path = Info.plist; sourceTree = "<group>"; };
		016E40D41F14ABB100B5FD03 /* TouchTrackerUITests.xctest */ = {isa = PBXFileReference; explicitFileType = wrapper.cfbundle; includeInIndex = 0; path = TouchTrackerUITests.xctest; sourceTree = BUILT_PRODUCTS_DIR; };
		016E40D81F14ABB100B5FD03 /* TouchTrackerUITests.swift */ = {isa = PBXFileReference; lastKnownFileType = sourcecode.swift; path = TouchTrackerUITests.swift; sourceTree = "<group>"; };
		016E40DA1F14ABB100B5FD03 /* Info.plist */ = {isa = PBXFileReference; lastKnownFileType = text.plist.xml; path = Info.plist; sourceTree = "<group>"; };
		016E40E61F14AC4A00B5FD03 /* Line.swift */ = {isa = PBXFileReference; fileEncoding = 4; lastKnownFileType = sourcecode.swift; path = Line.swift; sourceTree = "<group>"; };
		016E40E81F14AC9900B5FD03 /* DrawView.swift */ = {isa = PBXFileReference; fileEncoding = 4; lastKnownFileType = sourcecode.swift; path = DrawView.swift; sourceTree = "<group>"; };
/* End PBXFileReference section */

/* Begin PBXFrameworksBuildPhase section */
		016E40B21F14ABB100B5FD03 /* Frameworks */ = {
			isa = PBXFrameworksBuildPhase;
			buildActionMask = 2147483647;
			files = (
			);
			runOnlyForDeploymentPostprocessing = 0;
		};
		016E40C61F14ABB100B5FD03 /* Frameworks */ = {
			isa = PBXFrameworksBuildPhase;
			buildActionMask = 2147483647;
			files = (
			);
			runOnlyForDeploymentPostprocessing = 0;
		};
		016E40D11F14ABB100B5FD03 /* Frameworks */ = {
			isa = PBXFrameworksBuildPhase;
			buildActionMask = 2147483647;
			files = (
			);
			runOnlyForDeploymentPostprocessing = 0;
		};
/* End PBXFrameworksBuildPhase section */

/* Begin PBXGroup section */
		016E40AC1F14ABB100B5FD03 = {
			isa = PBXGroup;
			children = (
				016E40B71F14ABB100B5FD03 /* TouchTracker */,
				016E40CC1F14ABB100B5FD03 /* TouchTrackerTests */,
				016E40D71F14ABB100B5FD03 /* TouchTrackerUITests */,
				016E40B61F14ABB100B5FD03 /* Products */,
			);
			sourceTree = "<group>";
		};
		016E40B61F14ABB100B5FD03 /* Products */ = {
			isa = PBXGroup;
			children = (
				016E40B51F14ABB100B5FD03 /* TouchTracker.app */,
				016E40C91F14ABB100B5FD03 /* TouchTrackerTests.xctest */,
				016E40D41F14ABB100B5FD03 /* TouchTrackerUITests.xctest */,
			);
			name = Products;
			sourceTree = "<group>";
		};
		016E40B71F14ABB100B5FD03 /* TouchTracker */ = {
			isa = PBXGroup;
			children = (
				016E40B81F14ABB100B5FD03 /* AppDelegate.swift */,
				016E40BA1F14ABB100B5FD03 /* ViewController.swift */,
				016E40BC1F14ABB100B5FD03 /* Main.storyboard */,
				016E40BF1F14ABB100B5FD03 /* Assets.xcassets */,
				016E40C11F14ABB100B5FD03 /* LaunchScreen.storyboard */,
				016E40C41F14ABB100B5FD03 /* Info.plist */,
				016E40E61F14AC4A00B5FD03 /* Line.swift */,
				016E40E81F14AC9900B5FD03 /* DrawView.swift */,
			);
			path = TouchTracker;
			sourceTree = "<group>";
		};
		016E40CC1F14ABB100B5FD03 /* TouchTrackerTests */ = {
			isa = PBXGroup;
			children = (
				016E40CD1F14ABB100B5FD03 /* TouchTrackerTests.swift */,
				016E40CF1F14ABB100B5FD03 /* Info.plist */,
			);
			path = TouchTrackerTests;
			sourceTree = "<group>";
		};
		016E40D71F14ABB100B5FD03 /* TouchTrackerUITests */ = {
			isa = PBXGroup;
			children = (
				016E40D81F14ABB100B5FD03 /* TouchTrackerUITests.swift */,
				016E40DA1F14ABB100B5FD03 /* Info.plist */,
			);
			path = TouchTrackerUITests;
			sourceTree = "<group>";
		};
/* End PBXGroup section */

/* Begin PBXNativeTarget section */
		016E40B41F14ABB100B5FD03 /* TouchTracker */ = {
			isa = PBXNativeTarget;
			buildConfigurationList = 016E40DD1F14ABB100B5FD03 /* Build configuration list for PBXNativeTarget "TouchTracker" */;
			buildPhases = (
				016E40B11F14ABB100B5FD03 /* Sources */,
				016E40B21F14ABB100B5FD03 /* Frameworks */,
				016E40B31F14ABB100B5FD03 /* Resources */,
			);
			buildRules = (
			);
			dependencies = (
			);
			name = TouchTracker;
			productName = TouchTracker;
			productReference = 016E40B51F14ABB100B5FD03 /* TouchTracker.app */;
			productType = "com.apple.product-type.application";
		};
		016E40C81F14ABB100B5FD03 /* TouchTrackerTests */ = {
			isa = PBXNativeTarget;
			buildConfigurationList = 016E40E01F14ABB100B5FD03 /* Build configuration list for PBXNativeTarget "TouchTrackerTests" */;
			buildPhases = (
				016E40C51F14ABB100B5FD03 /* Sources */,
				016E40C61F14ABB100B5FD03 /* Frameworks */,
				016E40C71F14ABB100B5FD03 /* Resources */,
			);
			buildRules = (
			);
			dependencies = (
				016E40CB1F14ABB100B5FD03 /* PBXTargetDependency */,
			);
			name = TouchTrackerTests;
			productName = TouchTrackerTests;
			productReference = 016E40C91F14ABB100B5FD03 /* TouchTrackerTests.xctest */;
			productType = "com.apple.product-type.bundle.unit-test";
		};
		016E40D31F14ABB100B5FD03 /* TouchTrackerUITests */ = {
			isa = PBXNativeTarget;
			buildConfigurationList = 016E40E31F14ABB100B5FD03 /* Build configuration list for PBXNativeTarget "TouchTrackerUITests" */;
			buildPhases = (
				016E40D01F14ABB100B5FD03 /* Sources */,
				016E40D11F14ABB100B5FD03 /* Frameworks */,
				016E40D21F14ABB100B5FD03 /* Resources */,
			);
			buildRules = (
			);
			dependencies = (
				016E40D61F14ABB100B5FD03 /* PBXTargetDependency */,
			);
			name = TouchTrackerUITests;
			productName = TouchTrackerUITests;
			productReference = 016E40D41F14ABB100B5FD03 /* TouchTrackerUITests.xctest */;
			productType = "com.apple.product-type.bundle.ui-testing";
		};
/* End PBXNativeTarget section */

/* Begin PBXProject section */
		016E40AD1F14ABB100B5FD03 /* Project object */ = {
			isa = PBXProject;
			attributes = {
				LastSwiftUpdateCheck = 0830;
				LastUpgradeCheck = 0830;
				ORGANIZATIONNAME = softwarepassion.com;
				TargetAttributes = {
					016E40B41F14ABB100B5FD03 = {
						CreatedOnToolsVersion = 8.3.3;
						DevelopmentTeam = 5723LB4XB7;
						ProvisioningStyle = Automatic;
					};
					016E40C81F14ABB100B5FD03 = {
						CreatedOnToolsVersion = 8.3.3;
						DevelopmentTeam = 5723LB4XB7;
						ProvisioningStyle = Automatic;
						TestTargetID = 016E40B41F14ABB100B5FD03;
					};
					016E40D31F14ABB100B5FD03 = {
						CreatedOnToolsVersion = 8.3.3;
						DevelopmentTeam = 5723LB4XB7;
						ProvisioningStyle = Automatic;
						TestTargetID = 016E40B41F14ABB100B5FD03;
					};
				};
			};
			buildConfigurationList = 016E40B01F14ABB100B5FD03 /* Build configuration list for PBXProject "TouchTracker" */;
			compatibilityVersion = "Xcode 3.2";
			developmentRegion = English;
			hasScannedForEncodings = 0;
			knownRegions = (
				en,
				Base,
			);
			mainGroup = 016E40AC1F14ABB100B5FD03;
			productRefGroup = 016E40B61F14ABB100B5FD03 /* Products */;
			projectDirPath = "";
			projectRoot = "";
			targets = (
				016E40B41F14ABB100B5FD03 /* TouchTracker */,
				016E40C81F14ABB100B5FD03 /* TouchTrackerTests */,
				016E40D31F14ABB100B5FD03 /* TouchTrackerUITests */,
			);
		};
/* End PBXProject section */

/* Begin PBXResourcesBuildPhase section */
		016E40B31F14ABB100B5FD03 /* Resources */ = {
			isa = PBXResourcesBuildPhase;
			buildActionMask = 2147483647;
			files = (
				016E40C31F14ABB100B5FD03 /* LaunchScreen.storyboard in Resources */,
				016E40C01F14ABB100B5FD03 /* Assets.xcassets in Resources */,
				016E40BE1F14ABB100B5FD03 /* Main.storyboard in Resources */,
			);
			runOnlyForDeploymentPostprocessing = 0;
		};
		016E40C71F14ABB100B5FD03 /* Resources */ = {
			isa = PBXResourcesBuildPhase;
			buildActionMask = 2147483647;
			files = (
			);
			runOnlyForDeploymentPostprocessing = 0;
		};
		016E40D21F14ABB100B5FD03 /* Resources */ = {
			isa = PBXResourcesBuildPhase;
			buildActionMask = 2147483647;
			files = (
			);
			runOnlyForDeploymentPostprocessing = 0;
		};
/* End PBXResourcesBuildPhase section */

/* Begin PBXSourcesBuildPhase section */
		016E40B11F14ABB100B5FD03 /* Sources */ = {
			isa = PBXSourcesBuildPhase;
			buildActionMask = 2147483647;
			files = (
				016E40E71F14AC4A00B5FD03 /* Line.swift in Sources */,
				016E40BB1F14ABB100B5FD03 /* ViewController.swift in Sources */,
				016E40E91F14AC9900B5FD03 /* DrawView.swift in Sources */,
				016E40B91F14ABB100B5FD03 /* AppDelegate.swift in Sources */,
			);
			runOnlyForDeploymentPostprocessing = 0;
		};
		016E40C51F14ABB100B5FD03 /* Sources */ = {
			isa = PBXSourcesBuildPhase;
			buildActionMask = 2147483647;
			files = (
				016E40CE1F14ABB100B5FD03 /* TouchTrackerTests.swift in Sources */,
			);
			runOnlyForDeploymentPostprocessing = 0;
		};
		016E40D01F14ABB100B5FD03 /* Sources */ = {
			isa = PBXSourcesBuildPhase;
			buildActionMask = 2147483647;
			files = (
				016E40D91F14ABB100B5FD03 /* TouchTrackerUITests.swift in Sources */,
			);
			runOnlyForDeploymentPostprocessing = 0;
		};
/* End PBXSourcesBuildPhase section */

/* Begin PBXTargetDependency section */
		016E40CB1F14ABB100B5FD03 /* PBXTargetDependency */ = {
			isa = PBXTargetDependency;
			target = 016E40B41F14ABB100B5FD03 /* TouchTracker */;
			targetProxy = 016E40CA1F14ABB100B5FD03 /* PBXContainerItemProxy */;
		};
		016E40D61F14ABB100B5FD03 /* PBXTargetDependency */ = {
			isa = PBXTargetDependency;
			target = 016E40B41F14ABB100B5FD03 /* TouchTracker */;
			targetProxy = 016E40D51F14ABB100B5FD03 /* PBXContainerItemProxy */;
		};
/* End PBXTargetDependency section */

/* Begin PBXVariantGroup section */
		016E40BC1F14ABB100B5FD03 /* Main.storyboard */ = {
			isa = PBXVariantGroup;
			children = (
				016E40BD1F14ABB100B5FD03 /* Base */,
			);
			name = Main.storyboard;
			sourceTree = "<group>";
		};
		016E40C11F14ABB100B5FD03 /* LaunchScreen.storyboard */ = {
			isa = PBXVariantGroup;
			children = (
				016E40C21F14ABB100B5FD03 /* Base */,
			);
			name = LaunchScreen.storyboard;
			sourceTree = "<group>";
		};
/* End PBXVariantGroup section */

/* Begin XCBuildConfiguration section */
		016E40DB1F14ABB100B5FD03 /* Debug */ = {
			isa = XCBuildConfiguration;
			buildSettings = {
				ALWAYS_SEARCH_USER_PATHS = NO;
				CLANG_ANALYZER_NONNULL = YES;
				CLANG_ANALYZER_NUMBER_OBJECT_CONVERSION = YES_AGGRESSIVE;
				CLANG_CXX_LANGUAGE_STANDARD = "gnu++0x";
				CLANG_CXX_LIBRARY = "libc++";
				CLANG_ENABLE_MODULES = YES;
				CLANG_ENABLE_OBJC_ARC = YES;
				CLANG_WARN_BOOL_CONVERSION = YES;
				CLANG_WARN_CONSTANT_CONVERSION = YES;
				CLANG_WARN_DIRECT_OBJC_ISA_USAGE = YES_ERROR;
				CLANG_WARN_DOCUMENTATION_COMMENTS = YES;
				CLANG_WARN_EMPTY_BODY = YES;
				CLANG_WARN_ENUM_CONVERSION = YES;
				CLANG_WARN_INFINITE_RECURSION = YES;
				CLANG_WARN_INT_CONVERSION = YES;
				CLANG_WARN_OBJC_ROOT_CLASS = YES_ERROR;
				CLANG_WARN_SUSPICIOUS_MOVE = YES;
				CLANG_WARN_UNREACHABLE_CODE = YES;
				CLANG_WARN__DUPLICATE_METHOD_MATCH = YES;
				"CODE_SIGN_IDENTITY[sdk=iphoneos*]" = "iPhone Developer";
				COPY_PHASE_STRIP = NO;
				DEBUG_INFORMATION_FORMAT = dwarf;
				ENABLE_STRICT_OBJC_MSGSEND = YES;
				ENABLE_TESTABILITY = YES;
				GCC_C_LANGUAGE_STANDARD = gnu99;
				GCC_DYNAMIC_NO_PIC = NO;
				GCC_NO_COMMON_BLOCKS = YES;
				GCC_OPTIMIZATION_LEVEL = 0;
				GCC_PREPROCESSOR_DEFINITIONS = (
					"DEBUG=1",
					"$(inherited)",
				);
				GCC_WARN_64_TO_32_BIT_CONVERSION = YES;
				GCC_WARN_ABOUT_RETURN_TYPE = YES_ERROR;
				GCC_WARN_UNDECLARED_SELECTOR = YES;
				GCC_WARN_UNINITIALIZED_AUTOS = YES_AGGRESSIVE;
				GCC_WARN_UNUSED_FUNCTION = YES;
				GCC_WARN_UNUSED_VARIABLE = YES;
				IPHONEOS_DEPLOYMENT_TARGET = 10.3;
				MTL_ENABLE_DEBUG_INFO = YES;
				ONLY_ACTIVE_ARCH = YES;
				SDKROOT = iphoneos;
				SWIFT_ACTIVE_COMPILATION_CONDITIONS = DEBUG;
				SWIFT_OPTIMIZATION_LEVEL = "-Onone";
				TARGETED_DEVICE_FAMILY = "1,2";
			};
			name = Debug;
		};
		016E40DC1F14ABB100B5FD03 /* Release */ = {
			isa = XCBuildConfiguration;
			buildSettings = {
				ALWAYS_SEARCH_USER_PATHS = NO;
				CLANG_ANALYZER_NONNULL = YES;
				CLANG_ANALYZER_NUMBER_OBJECT_CONVERSION = YES_AGGRESSIVE;
				CLANG_CXX_LANGUAGE_STANDARD = "gnu++0x";
				CLANG_CXX_LIBRARY = "libc++";
				CLANG_ENABLE_MODULES = YES;
				CLANG_ENABLE_OBJC_ARC = YES;
				CLANG_WARN_BOOL_CONVERSION = YES;
				CLANG_WARN_CONSTANT_CONVERSION = YES;
				CLANG_WARN_DIRECT_OBJC_ISA_USAGE = YES_ERROR;
				CLANG_WARN_DOCUMENTATION_COMMENTS = YES;
				CLANG_WARN_EMPTY_BODY = YES;
				CLANG_WARN_ENUM_CONVERSION = YES;
				CLANG_WARN_INFINITE_RECURSION = YES;
				CLANG_WARN_INT_CONVERSION = YES;
				CLANG_WARN_OBJC_ROOT_CLASS = YES_ERROR;
				CLANG_WARN_SUSPICIOUS_MOVE = YES;
				CLANG_WARN_UNREACHABLE_CODE = YES;
				CLANG_WARN__DUPLICATE_METHOD_MATCH = YES;
				"CODE_SIGN_IDENTITY[sdk=iphoneos*]" = "iPhone Developer";
				COPY_PHASE_STRIP = NO;
				DEBUG_INFORMATION_FORMAT = "dwarf-with-dsym";
				ENABLE_NS_ASSERTIONS = NO;
				ENABLE_STRICT_OBJC_MSGSEND = YES;
				GCC_C_LANGUAGE_STANDARD = gnu99;
				GCC_NO_COMMON_BLOCKS = YES;
				GCC_WARN_64_TO_32_BIT_CONVERSION = YES;
				GCC_WARN_ABOUT_RETURN_TYPE = YES_ERROR;
				GCC_WARN_UNDECLARED_SELECTOR = YES;
				GCC_WARN_UNINITIALIZED_AUTOS = YES_AGGRESSIVE;
				GCC_WARN_UNUSED_FUNCTION = YES;
				GCC_WARN_UNUSED_VARIABLE = YES;
				IPHONEOS_DEPLOYMENT_TARGET = 10.3;
				MTL_ENABLE_DEBUG_INFO = NO;
				SDKROOT = iphoneos;
				SWIFT_OPTIMIZATION_LEVEL = "-Owholemodule";
				TARGETED_DEVICE_FAMILY = "1,2";
				VALIDATE_PRODUCT = YES;
			};
			name = Release;
		};
		016E40DE1F14ABB100B5FD03 /* Debug */ = {
			isa = XCBuildConfiguration;
			buildSettings = {
				ASSETCATALOG_COMPILER_APPICON_NAME = AppIcon;
				DEVELOPMENT_TEAM = 5723LB4XB7;
				INFOPLIST_FILE = TouchTracker/Info.plist;
				LD_RUNPATH_SEARCH_PATHS = "$(inherited) @executable_path/Frameworks";
				PRODUCT_BUNDLE_IDENTIFIER = softwarepassion.com.TouchTracker;
				PRODUCT_NAME = "$(TARGET_NAME)";
				SWIFT_VERSION = 3.0;
			};
			name = Debug;
		};
		016E40DF1F14ABB100B5FD03 /* Release */ = {
			isa = XCBuildConfiguration;
			buildSettings = {
				ASSETCATALOG_COMPILER_APPICON_NAME = AppIcon;
				DEVELOPMENT_TEAM = 5723LB4XB7;
				INFOPLIST_FILE = TouchTracker/Info.plist;
				LD_RUNPATH_SEARCH_PATHS = "$(inherited) @executable_path/Frameworks";
				PRODUCT_BUNDLE_IDENTIFIER = softwarepassion.com.TouchTracker;
				PRODUCT_NAME = "$(TARGET_NAME)";
				SWIFT_VERSION = 3.0;
			};
			name = Release;
		};
		016E40E11F14ABB100B5FD03 /* Debug */ = {
			isa = XCBuildConfiguration;
			buildSettings = {
				ALWAYS_EMBED_SWIFT_STANDARD_LIBRARIES = YES;
				BUNDLE_LOADER = "$(TEST_HOST)";
				DEVELOPMENT_TEAM = 5723LB4XB7;
				INFOPLIST_FILE = TouchTrackerTests/Info.plist;
				LD_RUNPATH_SEARCH_PATHS = "$(inherited) @executable_path/Frameworks @loader_path/Frameworks";
				PRODUCT_BUNDLE_IDENTIFIER = softwarepassion.com.TouchTrackerTests;
				PRODUCT_NAME = "$(TARGET_NAME)";
				SWIFT_VERSION = 3.0;
				TEST_HOST = "$(BUILT_PRODUCTS_DIR)/TouchTracker.app/TouchTracker";
			};
			name = Debug;
		};
		016E40E21F14ABB100B5FD03 /* Release */ = {
			isa = XCBuildConfiguration;
			buildSettings = {
				ALWAYS_EMBED_SWIFT_STANDARD_LIBRARIES = YES;
				BUNDLE_LOADER = "$(TEST_HOST)";
				DEVELOPMENT_TEAM = 5723LB4XB7;
				INFOPLIST_FILE = TouchTrackerTests/Info.plist;
				LD_RUNPATH_SEARCH_PATHS = "$(inherited) @executable_path/Frameworks @loader_path/Frameworks";
				PRODUCT_BUNDLE_IDENTIFIER = softwarepassion.com.TouchTrackerTests;
				PRODUCT_NAME = "$(TARGET_NAME)";
				SWIFT_VERSION = 3.0;
				TEST_HOST = "$(BUILT_PRODUCTS_DIR)/TouchTracker.app/TouchTracker";
			};
			name = Release;
		};
		016E40E41F14ABB100B5FD03 /* Debug */ = {
			isa = XCBuildConfiguration;
			buildSettings = {
				ALWAYS_EMBED_SWIFT_STANDARD_LIBRARIES = YES;
				DEVELOPMENT_TEAM = 5723LB4XB7;
				INFOPLIST_FILE = TouchTrackerUITests/Info.plist;
				LD_RUNPATH_SEARCH_PATHS = "$(inherited) @executable_path/Frameworks @loader_path/Frameworks";
				PRODUCT_BUNDLE_IDENTIFIER = softwarepassion.com.TouchTrackerUITests;
				PRODUCT_NAME = "$(TARGET_NAME)";
				SWIFT_VERSION = 3.0;
				TEST_TARGET_NAME = TouchTracker;
			};
			name = Debug;
		};
		016E40E51F14ABB100B5FD03 /* Release */ = {
			isa = XCBuildConfiguration;
			buildSettings = {
				ALWAYS_EMBED_SWIFT_STANDARD_LIBRARIES = YES;
				DEVELOPMENT_TEAM = 5723LB4XB7;
				INFOPLIST_FILE = TouchTrackerUITests/Info.plist;
				LD_RUNPATH_SEARCH_PATHS = "$(inherited) @executable_path/Frameworks @loader_path/Frameworks";
				PRODUCT_BUNDLE_IDENTIFIER = softwarepassion.com.TouchTrackerUITests;
				PRODUCT_NAME = "$(TARGET_NAME)";
				SWIFT_VERSION = 3.0;
				TEST_TARGET_NAME = TouchTracker;
			};
			name = Release;
		};
/* End XCBuildConfiguration section */

/* Begin XCConfigurationList section */
		016E40B01F14ABB100B5FD03 /* Build configuration list for PBXProject "TouchTracker" */ = {
			isa = XCConfigurationList;
			buildConfigurations = (
				016E40DB1F14ABB100B5FD03 /* Debug */,
				016E40DC1F14ABB100B5FD03 /* Release */,
			);
			defaultConfigurationIsVisible = 0;
			defaultConfigurationName = Release;
		};
		016E40DD1F14ABB100B5FD03 /* Build configuration list for PBXNativeTarget "TouchTracker" */ = {
			isa = XCConfigurationList;
			buildConfigurations = (
				016E40DE1F14ABB100B5FD03 /* Debug */,
				016E40DF1F14ABB100B5FD03 /* Release */,
			);
			defaultConfigurationIsVisible = 0;
		};
		016E40E01F14ABB100B5FD03 /* Build configuration list for PBXNativeTarget "TouchTrackerTests" */ = {
			isa = XCConfigurationList;
			buildConfigurations = (
				016E40E11F14ABB100B5FD03 /* Debug */,
				016E40E21F14ABB100B5FD03 /* Release */,
			);
			defaultConfigurationIsVisible = 0;
		};
		016E40E31F14ABB100B5FD03 /* Build configuration list for PBXNativeTarget "TouchTrackerUITests" */ = {
			isa = XCConfigurationList;
			buildConfigurations = (
				016E40E41F14ABB100B5FD03 /* Debug */,
				016E40E51F14ABB100B5FD03 /* Release */,
			);
			defaultConfigurationIsVisible = 0;
		};
/* End XCConfigurationList section */
	};
	rootObject = 016E40AD1F14ABB100B5FD03 /* Project object */;
}
